
Microsoft Visual Studio Solution File, Format Version 12.00
# Visual Studio Version 17
VisualStudioVersion = 17.9.34616.47
MinimumVisualStudioVersion = 10.0.40219.1
Project("{FAE04EC0-301F-11D3-BF4B-00C04F79EFBC}") = "BmwSalesPlatform", "BmwSalesPlatform.csproj", "{DFA08293-B56A-4500-84EE-A79C2CDBB22A}"
EndProject
Global
	GlobalSection(SolutionConfigurationPlatforms) = preSolution
		Debug|Any CPU = Debug|Any CPU
		Release|Any CPU = Release|Any CPU
	EndGlobalSection
	GlobalSection(ProjectConfigurationPlatforms) = postSolution
		{DFA08293-B56A-4500-84EE-A79C2CDBB22A}.Debug|Any CPU.ActiveCfg = Debug|Any CPU
		{DFA08293-B56A-4500-84EE-A79C2CDBB22A}.Debug|Any CPU.Build.0 = Debug|Any CPU
		{DFA08293-B56A-4500-84EE-A79C2CDBB22A}.Release|Any CPU.ActiveCfg = Release|Any CPU
		{DFA08293-B56A-4500-84EE-A79C2CDBB22A}.Release|Any CPU.Build.0 = Release|Any CPU
	EndGlobalSection
	GlobalSection(SolutionProperties) = preSolution
		HideSolutionNode = FALSE
	EndGlobalSection
	GlobalSection(ExtensibilityGlobals) = postSolution
		SolutionGuid = {65694C6F-961C-4276-AFB9-AE39D32FE1F2}
	EndGlobalSection
EndGlobal
